
Microsoft Visual Studio Solution File, Format Version 11.00
# Visual Studio 2010
Project("{FAE04EC0-301F-11D3-BF4B-00C04F79EFBC}") = "Gibbed.DeusEx3.FileFormats", "Gibbed.DeusEx3.FileFormats\Gibbed.DeusEx3.FileFormats.csproj", "{1164E433-3016-4687-8C4B-D772CB3B42C5}"
EndProject
Project("{FAE04EC0-301F-11D3-BF4B-00C04F79EFBC}") = "Gibbed.IO", "Gibbed.IO\Gibbed.IO.csproj", "{047857BA-DAA3-4CA7-AFB8-A1B082B28C6A}"
EndProject
Project("{FAE04EC0-301F-11D3-BF4B-00C04F79EFBC}") = "NDesk.Options", "NDesk.Options\NDesk.Options.csproj", "{C98A6CD6-9422-4B35-8B7A-F520D75534D1}"
EndProject
Project("{FAE04EC0-301F-11D3-BF4B-00C04F79EFBC}") = "Gibbed.ProjectData", "Gibbed.ProjectData\Gibbed.ProjectData.csproj", "{F27A289E-3376-4653-89F3-D19C1ECABF33}"
EndProject
Project("{FAE04EC0-301F-11D3-BF4B-00C04F79EFBC}") = "Test", "Test\Test.csproj", "{C3E66CE0-1885-4DD5-A28C-D9DFF656A5AA}"
EndProject
Project("{FAE04EC0-301F-11D3-BF4B-00C04F79EFBC}") = "Gibbed.DeusEx3.Unpack", "Gibbed.DeusEx3.Unpack\Gibbed.DeusEx3.Unpack.csproj", "{78A8A0BB-4B7C-43E6-B05E-A128180CF69A}"
EndProject
Project("{FAE04EC0-301F-11D3-BF4B-00C04F79EFBC}") = "Gibbed.DeusEx3.Pack", "Gibbed.DeusEx3.Pack\Gibbed.DeusEx3.Pack.csproj", "{D83D305F-5127-48B5-8995-DFFBB2BE95B9}"
EndProject
Project("{FAE04EC0-301F-11D3-BF4B-00C04F79EFBC}") = "Gibbed.DeusEx3.DRMEdit", "Gibbed.DeusEx3.DRMEdit\Gibbed.DeusEx3.DRMEdit.csproj", "{7189FA0A-DE18-4CB8-B058-12E5449A4373}"
EndProject
Project("{FAE04EC0-301F-11D3-BF4B-00C04F79EFBC}") = "Gibbed.Squish", "Gibbed.Squish\Gibbed.Squish.csproj", "{242D0738-AA4C-4C9C-A218-891A8F55559C}"
EndProject
Project("{FAE04EC0-301F-11D3-BF4B-00C04F79EFBC}") = "Gibbed.DeusEx3.Demux", "Gibbed.DeusEx3.Demux\Gibbed.DeusEx3.Demux.csproj", "{0A55F475-BD38-4184-AF11-DC5CFA3E7E3A}"
EndProject
Project("{FAE04EC0-301F-11D3-BF4B-00C04F79EFBC}") = "Gibbed.DeusEx3.DRMDecompress", "Gibbed.DeusEx3.DRMDecompress\Gibbed.DeusEx3.DRMDecompress.csproj", "{669A7448-75A1-44A3-BB02-C9F96564037D}"
EndProject
Project("{FAE04EC0-301F-11D3-BF4B-00C04F79EFBC}") = "Gibbed.DeusEx3.DRMUnpack", "Gibbed.DeusEx3.DRMUnpack\Gibbed.DeusEx3.DRMUnpack.csproj", "{1667BB83-E5EC-4C2D-894C-B24DF8CF154C}"
EndProject
Project("{2150E333-8FDC-42A3-9474-1A3956D46DE8}") = "Deus Ex 3", "Deus Ex 3", "{74840258-ADDD-4760-98AD-2BD46F5E31C6}"
EndProject
Project("{2150E333-8FDC-42A3-9474-1A3956D46DE8}") = "Tomb Raider 8", "Tomb Raider 8", "{2B5008B5-BCB1-4107-B355-0ABCF04A635C}"
EndProject
Project("{2150E333-8FDC-42A3-9474-1A3956D46DE8}") = "Misc", "Misc", "{0F125B96-D76D-4376-A62A-1559D388273F}"
EndProject
Project("{2150E333-8FDC-42A3-9474-1A3956D46DE8}") = "Games", "Games", "{26973D13-0D42-46E3-98F7-4807386B173A}"
EndProject
Project("{2150E333-8FDC-42A3-9474-1A3956D46DE8}") = "Engine", "Engine", "{438E6E61-E3AD-418F-9D07-7BE863BE345A}"
EndProject
Project("{FAE04EC0-301F-11D3-BF4B-00C04F79EFBC}") = "Gibbed.CrystalDynamics.FileFormats", "Gibbed.CrystalDynamics.FileFormats\Gibbed.CrystalDynamics.FileFormats.csproj", "{2F2E00FA-694C-4A3D-BC83-710D35426782}"
EndProject
Project("{FAE04EC0-301F-11D3-BF4B-00C04F79EFBC}") = "Gibbed.DeusEx3.RebuildFileLists", "Gibbed.DeusEx3.RebuildFileLists\Gibbed.DeusEx3.RebuildFileLists.csproj", "{FBD60CD3-9F8E-4E61-916F-E4AD4D589DF2}"
EndProject
Project("{FAE04EC0-301F-11D3-BF4B-00C04F79EFBC}") = "Gibbed.TombRaider8.Unpack", "Gibbed.TombRaider8.Unpack\Gibbed.TombRaider8.Unpack.csproj", "{7EC6FA5E-416E-450B-9722-368B9F3103DF}"
EndProject
Project("{FAE04EC0-301F-11D3-BF4B-00C04F79EFBC}") = "Gibbed.TombRaider8.RebuildFileLists", "Gibbed.TombRaider8.RebuildFileLists\Gibbed.TombRaider8.RebuildFileLists.csproj", "{6EF801A1-63D2-4197-B5FA-D6C5A0594A60}"
EndProject
Global
	GlobalSection(SolutionConfigurationPlatforms) = preSolution
		Debug|Any CPU = Debug|Any CPU
		Debug|Mixed Platforms = Debug|Mixed Platforms
		Debug|x86 = Debug|x86
		Release|Any CPU = Release|Any CPU
		Release|Mixed Platforms = Release|Mixed Platforms
		Release|x86 = Release|x86
	EndGlobalSection
	GlobalSection(ProjectConfigurationPlatforms) = postSolution
		{1164E433-3016-4687-8C4B-D772CB3B42C5}.Debug|Any CPU.ActiveCfg = Debug|Any CPU
		{1164E433-3016-4687-8C4B-D772CB3B42C5}.Debug|Any CPU.Build.0 = Debug|Any CPU
		{1164E433-3016-4687-8C4B-D772CB3B42C5}.Debug|Mixed Platforms.ActiveCfg = Debug|Any CPU
		{1164E433-3016-4687-8C4B-D772CB3B42C5}.Debug|Mixed Platforms.Build.0 = Debug|Any CPU
		{1164E433-3016-4687-8C4B-D772CB3B42C5}.Debug|x86.ActiveCfg = Debug|Any CPU
		{1164E433-3016-4687-8C4B-D772CB3B42C5}.Release|Any CPU.ActiveCfg = Release|Any CPU
		{1164E433-3016-4687-8C4B-D772CB3B42C5}.Release|Any CPU.Build.0 = Release|Any CPU
		{1164E433-3016-4687-8C4B-D772CB3B42C5}.Release|Mixed Platforms.ActiveCfg = Release|Any CPU
		{1164E433-3016-4687-8C4B-D772CB3B42C5}.Release|Mixed Platforms.Build.0 = Release|Any CPU
		{1164E433-3016-4687-8C4B-D772CB3B42C5}.Release|x86.ActiveCfg = Release|Any CPU
		{047857BA-DAA3-4CA7-AFB8-A1B082B28C6A}.Debug|Any CPU.ActiveCfg = Debug|Any CPU
		{047857BA-DAA3-4CA7-AFB8-A1B082B28C6A}.Debug|Any CPU.Build.0 = Debug|Any CPU
		{047857BA-DAA3-4CA7-AFB8-A1B082B28C6A}.Debug|Mixed Platforms.ActiveCfg = Debug|Any CPU
		{047857BA-DAA3-4CA7-AFB8-A1B082B28C6A}.Debug|Mixed Platforms.Build.0 = Debug|Any CPU
		{047857BA-DAA3-4CA7-AFB8-A1B082B28C6A}.Debug|x86.ActiveCfg = Debug|Any CPU
		{047857BA-DAA3-4CA7-AFB8-A1B082B28C6A}.Release|Any CPU.ActiveCfg = Release|Any CPU
		{047857BA-DAA3-4CA7-AFB8-A1B082B28C6A}.Release|Any CPU.Build.0 = Release|Any CPU
		{047857BA-DAA3-4CA7-AFB8-A1B082B28C6A}.Release|Mixed Platforms.ActiveCfg = Release|Any CPU
		{047857BA-DAA3-4CA7-AFB8-A1B082B28C6A}.Release|Mixed Platforms.Build.0 = Release|Any CPU
		{047857BA-DAA3-4CA7-AFB8-A1B082B28C6A}.Release|x86.ActiveCfg = Release|Any CPU
		{C98A6CD6-9422-4B35-8B7A-F520D75534D1}.Debug|Any CPU.ActiveCfg = Debug|Any CPU
		{C98A6CD6-9422-4B35-8B7A-F520D75534D1}.Debug|Any CPU.Build.0 = Debug|Any CPU
		{C98A6CD6-9422-4B35-8B7A-F520D75534D1}.Debug|Mixed Platforms.ActiveCfg = Debug|Any CPU
		{C98A6CD6-9422-4B35-8B7A-F520D75534D1}.Debug|Mixed Platforms.Build.0 = Debug|Any CPU
		{C98A6CD6-9422-4B35-8B7A-F520D75534D1}.Debug|x86.ActiveCfg = Debug|Any CPU
		{C98A6CD6-9422-4B35-8B7A-F520D75534D1}.Release|Any CPU.ActiveCfg = Release|Any CPU
		{C98A6CD6-9422-4B35-8B7A-F520D75534D1}.Release|Any CPU.Build.0 = Release|Any CPU
		{C98A6CD6-9422-4B35-8B7A-F520D75534D1}.Release|Mixed Platforms.ActiveCfg = Release|Any CPU
		{C98A6CD6-9422-4B35-8B7A-F520D75534D1}.Release|Mixed Platforms.Build.0 = Release|Any CPU
		{C98A6CD6-9422-4B35-8B7A-F520D75534D1}.Release|x86.ActiveCfg = Release|Any CPU
		{F27A289E-3376-4653-89F3-D19C1ECABF33}.Debug|Any CPU.ActiveCfg = Debug|Any CPU
		{F27A289E-3376-4653-89F3-D19C1ECABF33}.Debug|Any CPU.Build.0 = Debug|Any CPU
		{F27A289E-3376-4653-89F3-D19C1ECABF33}.Debug|Mixed Platforms.ActiveCfg = Debug|Any CPU
		{F27A289E-3376-4653-89F3-D19C1ECABF33}.Debug|Mixed Platforms.Build.0 = Debug|Any CPU
		{F27A289E-3376-4653-89F3-D19C1ECABF33}.Debug|x86.ActiveCfg = Debug|Any CPU
		{F27A289E-3376-4653-89F3-D19C1ECABF33}.Release|Any CPU.ActiveCfg = Release|Any CPU
		{F27A289E-3376-4653-89F3-D19C1ECABF33}.Release|Any CPU.Build.0 = Release|Any CPU
		{F27A289E-3376-4653-89F3-D19C1ECABF33}.Release|Mixed Platforms.ActiveCfg = Release|Any CPU
		{F27A289E-3376-4653-89F3-D19C1ECABF33}.Release|Mixed Platforms.Build.0 = Release|Any CPU
		{F27A289E-3376-4653-89F3-D19C1ECABF33}.Release|x86.ActiveCfg = Release|Any CPU
		{C3E66CE0-1885-4DD5-A28C-D9DFF656A5AA}.Debug|Any CPU.ActiveCfg = Debug|x86
		{C3E66CE0-1885-4DD5-A28C-D9DFF656A5AA}.Debug|Mixed Platforms.ActiveCfg = Debug|x86
		{C3E66CE0-1885-4DD5-A28C-D9DFF656A5AA}.Debug|Mixed Platforms.Build.0 = Debug|x86
		{C3E66CE0-1885-4DD5-A28C-D9DFF656A5AA}.Debug|x86.ActiveCfg = Debug|x86
		{C3E66CE0-1885-4DD5-A28C-D9DFF656A5AA}.Debug|x86.Build.0 = Debug|x86
		{C3E66CE0-1885-4DD5-A28C-D9DFF656A5AA}.Release|Any CPU.ActiveCfg = Release|x86
		{C3E66CE0-1885-4DD5-A28C-D9DFF656A5AA}.Release|Mixed Platforms.ActiveCfg = Release|x86
		{C3E66CE0-1885-4DD5-A28C-D9DFF656A5AA}.Release|Mixed Platforms.Build.0 = Release|x86
		{C3E66CE0-1885-4DD5-A28C-D9DFF656A5AA}.Release|x86.ActiveCfg = Release|x86
		{C3E66CE0-1885-4DD5-A28C-D9DFF656A5AA}.Release|x86.Build.0 = Release|x86
		{78A8A0BB-4B7C-43E6-B05E-A128180CF69A}.Debug|Any CPU.ActiveCfg = Debug|x86
		{78A8A0BB-4B7C-43E6-B05E-A128180CF69A}.Debug|Mixed Platforms.ActiveCfg = Debug|x86
		{78A8A0BB-4B7C-43E6-B05E-A128180CF69A}.Debug|Mixed Platforms.Build.0 = Debug|x86
		{78A8A0BB-4B7C-43E6-B05E-A128180CF69A}.Debug|x86.ActiveCfg = Debug|x86
		{78A8A0BB-4B7C-43E6-B05E-A128180CF69A}.Debug|x86.Build.0 = Debug|x86
		{78A8A0BB-4B7C-43E6-B05E-A128180CF69A}.Release|Any CPU.ActiveCfg = Release|x86
		{78A8A0BB-4B7C-43E6-B05E-A128180CF69A}.Release|Mixed Platforms.ActiveCfg = Release|x86
		{78A8A0BB-4B7C-43E6-B05E-A128180CF69A}.Release|Mixed Platforms.Build.0 = Release|x86
		{78A8A0BB-4B7C-43E6-B05E-A128180CF69A}.Release|x86.ActiveCfg = Release|x86
		{78A8A0BB-4B7C-43E6-B05E-A128180CF69A}.Release|x86.Build.0 = Release|x86
		{D83D305F-5127-48B5-8995-DFFBB2BE95B9}.Debug|Any CPU.ActiveCfg = Debug|x86
		{D83D305F-5127-48B5-8995-DFFBB2BE95B9}.Debug|Mixed Platforms.ActiveCfg = Debug|x86
		{D83D305F-5127-48B5-8995-DFFBB2BE95B9}.Debug|Mixed Platforms.Build.0 = Debug|x86
		{D83D305F-5127-48B5-8995-DFFBB2BE95B9}.Debug|x86.ActiveCfg = Debug|x86
		{D83D305F-5127-48B5-8995-DFFBB2BE95B9}.Debug|x86.Build.0 = Debug|x86
		{D83D305F-5127-48B5-8995-DFFBB2BE95B9}.Release|Any CPU.ActiveCfg = Release|x86
		{D83D305F-5127-48B5-8995-DFFBB2BE95B9}.Release|Mixed Platforms.ActiveCfg = Release|x86
		{D83D305F-5127-48B5-8995-DFFBB2BE95B9}.Release|Mixed Platforms.Build.0 = Release|x86
		{D83D305F-5127-48B5-8995-DFFBB2BE95B9}.Release|x86.ActiveCfg = Release|x86
		{D83D305F-5127-48B5-8995-DFFBB2BE95B9}.Release|x86.Build.0 = Release|x86
		{7189FA0A-DE18-4CB8-B058-12E5449A4373}.Debug|Any CPU.ActiveCfg = Debug|x86
		{7189FA0A-DE18-4CB8-B058-12E5449A4373}.Debug|Mixed Platforms.ActiveCfg = Debug|x86
		{7189FA0A-DE18-4CB8-B058-12E5449A4373}.Debug|Mixed Platforms.Build.0 = Debug|x86
		{7189FA0A-DE18-4CB8-B058-12E5449A4373}.Debug|x86.ActiveCfg = Debug|x86
		{7189FA0A-DE18-4CB8-B058-12E5449A4373}.Debug|x86.Build.0 = Debug|x86
		{7189FA0A-DE18-4CB8-B058-12E5449A4373}.Release|Any CPU.ActiveCfg = Release|x86
		{7189FA0A-DE18-4CB8-B058-12E5449A4373}.Release|Mixed Platforms.ActiveCfg = Release|x86
		{7189FA0A-DE18-4CB8-B058-12E5449A4373}.Release|Mixed Platforms.Build.0 = Release|x86
		{7189FA0A-DE18-4CB8-B058-12E5449A4373}.Release|x86.ActiveCfg = Release|x86
		{7189FA0A-DE18-4CB8-B058-12E5449A4373}.Release|x86.Build.0 = Release|x86
		{242D0738-AA4C-4C9C-A218-891A8F55559C}.Debug|Any CPU.ActiveCfg = Debug|Any CPU
		{242D0738-AA4C-4C9C-A218-891A8F55559C}.Debug|Any CPU.Build.0 = Debug|Any CPU
		{242D0738-AA4C-4C9C-A218-891A8F55559C}.Debug|Mixed Platforms.ActiveCfg = Debug|Any CPU
		{242D0738-AA4C-4C9C-A218-891A8F55559C}.Debug|Mixed Platforms.Build.0 = Debug|Any CPU
		{242D0738-AA4C-4C9C-A218-891A8F55559C}.Debug|x86.ActiveCfg = Debug|Any CPU
		{242D0738-AA4C-4C9C-A218-891A8F55559C}.Release|Any CPU.ActiveCfg = Release|Any CPU
		{242D0738-AA4C-4C9C-A218-891A8F55559C}.Release|Any CPU.Build.0 = Release|Any CPU
		{242D0738-AA4C-4C9C-A218-891A8F55559C}.Release|Mixed Platforms.ActiveCfg = Release|Any CPU
		{242D0738-AA4C-4C9C-A218-891A8F55559C}.Release|Mixed Platforms.Build.0 = Release|Any CPU
		{242D0738-AA4C-4C9C-A218-891A8F55559C}.Release|x86.ActiveCfg = Release|Any CPU
		{0A55F475-BD38-4184-AF11-DC5CFA3E7E3A}.Debug|Any CPU.ActiveCfg = Debug|x86
		{0A55F475-BD38-4184-AF11-DC5CFA3E7E3A}.Debug|Mixed Platforms.ActiveCfg = Debug|x86
		{0A55F475-BD38-4184-AF11-DC5CFA3E7E3A}.Debug|Mixed Platforms.Build.0 = Debug|x86
		{0A55F475-BD38-4184-AF11-DC5CFA3E7E3A}.Debug|x86.ActiveCfg = Debug|x86
		{0A55F475-BD38-4184-AF11-DC5CFA3E7E3A}.Debug|x86.Build.0 = Debug|x86
		{0A55F475-BD38-4184-AF11-DC5CFA3E7E3A}.Release|Any CPU.ActiveCfg = Release|x86
		{0A55F475-BD38-4184-AF11-DC5CFA3E7E3A}.Release|Mixed Platforms.ActiveCfg = Release|x86
		{0A55F475-BD38-4184-AF11-DC5CFA3E7E3A}.Release|Mixed Platforms.Build.0 = Release|x86
		{0A55F475-BD38-4184-AF11-DC5CFA3E7E3A}.Release|x86.ActiveCfg = Release|x86
		{0A55F475-BD38-4184-AF11-DC5CFA3E7E3A}.Release|x86.Build.0 = Release|x86
		{669A7448-75A1-44A3-BB02-C9F96564037D}.Debug|Any CPU.ActiveCfg = Debug|x86
		{669A7448-75A1-44A3-BB02-C9F96564037D}.Debug|Mixed Platforms.ActiveCfg = Debug|x86
		{669A7448-75A1-44A3-BB02-C9F96564037D}.Debug|Mixed Platforms.Build.0 = Debug|x86
		{669A7448-75A1-44A3-BB02-C9F96564037D}.Debug|x86.ActiveCfg = Debug|x86
		{669A7448-75A1-44A3-BB02-C9F96564037D}.Debug|x86.Build.0 = Debug|x86
		{669A7448-75A1-44A3-BB02-C9F96564037D}.Release|Any CPU.ActiveCfg = Release|x86
		{669A7448-75A1-44A3-BB02-C9F96564037D}.Release|Mixed Platforms.ActiveCfg = Release|x86
		{669A7448-75A1-44A3-BB02-C9F96564037D}.Release|Mixed Platforms.Build.0 = Release|x86
		{669A7448-75A1-44A3-BB02-C9F96564037D}.Release|x86.ActiveCfg = Release|x86
		{669A7448-75A1-44A3-BB02-C9F96564037D}.Release|x86.Build.0 = Release|x86
		{1667BB83-E5EC-4C2D-894C-B24DF8CF154C}.Debug|Any CPU.ActiveCfg = Debug|x86
		{1667BB83-E5EC-4C2D-894C-B24DF8CF154C}.Debug|Mixed Platforms.ActiveCfg = Debug|x86
		{1667BB83-E5EC-4C2D-894C-B24DF8CF154C}.Debug|Mixed Platforms.Build.0 = Debug|x86
		{1667BB83-E5EC-4C2D-894C-B24DF8CF154C}.Debug|x86.ActiveCfg = Debug|x86
		{1667BB83-E5EC-4C2D-894C-B24DF8CF154C}.Debug|x86.Build.0 = Debug|x86
		{1667BB83-E5EC-4C2D-894C-B24DF8CF154C}.Release|Any CPU.ActiveCfg = Release|x86
		{1667BB83-E5EC-4C2D-894C-B24DF8CF154C}.Release|Mixed Platforms.ActiveCfg = Release|x86
		{1667BB83-E5EC-4C2D-894C-B24DF8CF154C}.Release|Mixed Platforms.Build.0 = Release|x86
		{1667BB83-E5EC-4C2D-894C-B24DF8CF154C}.Release|x86.ActiveCfg = Release|x86
		{1667BB83-E5EC-4C2D-894C-B24DF8CF154C}.Release|x86.Build.0 = Release|x86
		{2F2E00FA-694C-4A3D-BC83-710D35426782}.Debug|Any CPU.ActiveCfg = Debug|Any CPU
		{2F2E00FA-694C-4A3D-BC83-710D35426782}.Debug|Any CPU.Build.0 = Debug|Any CPU
		{2F2E00FA-694C-4A3D-BC83-710D35426782}.Debug|Mixed Platforms.ActiveCfg = Debug|Any CPU
		{2F2E00FA-694C-4A3D-BC83-710D35426782}.Debug|Mixed Platforms.Build.0 = Debug|Any CPU
		{2F2E00FA-694C-4A3D-BC83-710D35426782}.Debug|x86.ActiveCfg = Debug|Any CPU
		{2F2E00FA-694C-4A3D-BC83-710D35426782}.Release|Any CPU.ActiveCfg = Release|Any CPU
		{2F2E00FA-694C-4A3D-BC83-710D35426782}.Release|Any CPU.Build.0 = Release|Any CPU
		{2F2E00FA-694C-4A3D-BC83-710D35426782}.Release|Mixed Platforms.ActiveCfg = Release|Any CPU
		{2F2E00FA-694C-4A3D-BC83-710D35426782}.Release|Mixed Platforms.Build.0 = Release|Any CPU
		{2F2E00FA-694C-4A3D-BC83-710D35426782}.Release|x86.ActiveCfg = Release|Any CPU
		{FBD60CD3-9F8E-4E61-916F-E4AD4D589DF2}.Debug|Any CPU.ActiveCfg = Debug|x86
		{FBD60CD3-9F8E-4E61-916F-E4AD4D589DF2}.Debug|Mixed Platforms.ActiveCfg = Debug|x86
		{FBD60CD3-9F8E-4E61-916F-E4AD4D589DF2}.Debug|Mixed Platforms.Build.0 = Debug|x86
		{FBD60CD3-9F8E-4E61-916F-E4AD4D589DF2}.Debug|x86.ActiveCfg = Debug|x86
		{FBD60CD3-9F8E-4E61-916F-E4AD4D589DF2}.Debug|x86.Build.0 = Debug|x86
		{FBD60CD3-9F8E-4E61-916F-E4AD4D589DF2}.Release|Any CPU.ActiveCfg = Release|x86
		{FBD60CD3-9F8E-4E61-916F-E4AD4D589DF2}.Release|Mixed Platforms.ActiveCfg = Release|x86
		{FBD60CD3-9F8E-4E61-916F-E4AD4D589DF2}.Release|Mixed Platforms.Build.0 = Release|x86
		{FBD60CD3-9F8E-4E61-916F-E4AD4D589DF2}.Release|x86.ActiveCfg = Release|x86
		{FBD60CD3-9F8E-4E61-916F-E4AD4D589DF2}.Release|x86.Build.0 = Release|x86
		{7EC6FA5E-416E-450B-9722-368B9F3103DF}.Debug|Any CPU.ActiveCfg = Debug|x86
		{7EC6FA5E-416E-450B-9722-368B9F3103DF}.Debug|Mixed Platforms.ActiveCfg = Debug|x86
		{7EC6FA5E-416E-450B-9722-368B9F3103DF}.Debug|Mixed Platforms.Build.0 = Debug|x86
		{7EC6FA5E-416E-450B-9722-368B9F3103DF}.Debug|x86.ActiveCfg = Debug|x86
		{7EC6FA5E-416E-450B-9722-368B9F3103DF}.Debug|x86.Build.0 = Debug|x86
		{7EC6FA5E-416E-450B-9722-368B9F3103DF}.Release|Any CPU.ActiveCfg = Release|x86
		{7EC6FA5E-416E-450B-9722-368B9F3103DF}.Release|Mixed Platforms.ActiveCfg = Release|x86
		{7EC6FA5E-416E-450B-9722-368B9F3103DF}.Release|Mixed Platforms.Build.0 = Release|x86
		{7EC6FA5E-416E-450B-9722-368B9F3103DF}.Release|x86.ActiveCfg = Release|x86
		{7EC6FA5E-416E-450B-9722-368B9F3103DF}.Release|x86.Build.0 = Release|x86
		{6EF801A1-63D2-4197-B5FA-D6C5A0594A60}.Debug|Any CPU.ActiveCfg = Debug|x86
		{6EF801A1-63D2-4197-B5FA-D6C5A0594A60}.Debug|Mixed Platforms.ActiveCfg = Debug|x86
		{6EF801A1-63D2-4197-B5FA-D6C5A0594A60}.Debug|Mixed Platforms.Build.0 = Debug|x86
		{6EF801A1-63D2-4197-B5FA-D6C5A0594A60}.Debug|x86.ActiveCfg = Debug|x86
		{6EF801A1-63D2-4197-B5FA-D6C5A0594A60}.Debug|x86.Build.0 = Debug|x86
		{6EF801A1-63D2-4197-B5FA-D6C5A0594A60}.Release|Any CPU.ActiveCfg = Release|x86
		{6EF801A1-63D2-4197-B5FA-D6C5A0594A60}.Release|Mixed Platforms.ActiveCfg = Release|x86
		{6EF801A1-63D2-4197-B5FA-D6C5A0594A60}.Release|Mixed Platforms.Build.0 = Release|x86
		{6EF801A1-63D2-4197-B5FA-D6C5A0594A60}.Release|x86.ActiveCfg = Release|x86
		{6EF801A1-63D2-4197-B5FA-D6C5A0594A60}.Release|x86.Build.0 = Release|x86
	EndGlobalSection
	GlobalSection(SolutionProperties) = preSolution
		HideSolutionNode = FALSE
	EndGlobalSection
	GlobalSection(NestedProjects) = preSolution
		{78A8A0BB-4B7C-43E6-B05E-A128180CF69A} = {74840258-ADDD-4760-98AD-2BD46F5E31C6}
		{D83D305F-5127-48B5-8995-DFFBB2BE95B9} = {74840258-ADDD-4760-98AD-2BD46F5E31C6}
		{7189FA0A-DE18-4CB8-B058-12E5449A4373} = {74840258-ADDD-4760-98AD-2BD46F5E31C6}
		{0A55F475-BD38-4184-AF11-DC5CFA3E7E3A} = {74840258-ADDD-4760-98AD-2BD46F5E31C6}
		{669A7448-75A1-44A3-BB02-C9F96564037D} = {74840258-ADDD-4760-98AD-2BD46F5E31C6}
		{1667BB83-E5EC-4C2D-894C-B24DF8CF154C} = {74840258-ADDD-4760-98AD-2BD46F5E31C6}
		{1164E433-3016-4687-8C4B-D772CB3B42C5} = {74840258-ADDD-4760-98AD-2BD46F5E31C6}
		{FBD60CD3-9F8E-4E61-916F-E4AD4D589DF2} = {74840258-ADDD-4760-98AD-2BD46F5E31C6}
		{C98A6CD6-9422-4B35-8B7A-F520D75534D1} = {0F125B96-D76D-4376-A62A-1559D388273F}
		{F27A289E-3376-4653-89F3-D19C1ECABF33} = {0F125B96-D76D-4376-A62A-1559D388273F}
		{242D0738-AA4C-4C9C-A218-891A8F55559C} = {0F125B96-D76D-4376-A62A-1559D388273F}
		{047857BA-DAA3-4CA7-AFB8-A1B082B28C6A} = {0F125B96-D76D-4376-A62A-1559D388273F}
		{7EC6FA5E-416E-450B-9722-368B9F3103DF} = {2B5008B5-BCB1-4107-B355-0ABCF04A635C}
		{6EF801A1-63D2-4197-B5FA-D6C5A0594A60} = {2B5008B5-BCB1-4107-B355-0ABCF04A635C}
		{2B5008B5-BCB1-4107-B355-0ABCF04A635C} = {26973D13-0D42-46E3-98F7-4807386B173A}
		{74840258-ADDD-4760-98AD-2BD46F5E31C6} = {26973D13-0D42-46E3-98F7-4807386B173A}
		{2F2E00FA-694C-4A3D-BC83-710D35426782} = {438E6E61-E3AD-418F-9D07-7BE863BE345A}
	EndGlobalSection
EndGlobal
